
Microsoft Visual Studio Solution File, Format Version 12.00
# Visual Studio Version 17
VisualStudioVersion = 17.8.34601.278
MinimumVisualStudioVersion = 10.0.40219.1
Project("{FAE04EC0-301F-11D3-BF4B-00C04F79EFBC}") = "Calculater", "Calculater\Calculater.csproj", "{FBDA1C97-BF17-48BE-A4AF-0B5472D3EAA5}"
EndProject
Global
	GlobalSection(SolutionConfigurationPlatforms) = preSolution
		Debug|Any CPU = Debug|Any CPU
		Release|Any CPU = Release|Any CPU
	EndGlobalSection
	GlobalSection(ProjectConfigurationPlatforms) = postSolution
		{FBDA1C97-BF17-48BE-A4AF-0B5472D3EAA5}.Debug|Any CPU.ActiveCfg = Debug|Any CPU
		{FBDA1C97-BF17-48BE-A4AF-0B5472D3EAA5}.Debug|Any CPU.Build.0 = Debug|Any CPU
		{FBDA1C97-BF17-48BE-A4AF-0B5472D3EAA5}.Release|Any CPU.ActiveCfg = Release|Any CPU
		{FBDA1C97-BF17-48BE-A4AF-0B5472D3EAA5}.Release|Any CPU.Build.0 = Release|Any CPU
	EndGlobalSection
	GlobalSection(SolutionProperties) = preSolution
		HideSolutionNode = FALSE
	EndGlobalSection
	GlobalSection(ExtensibilityGlobals) = postSolution
		SolutionGuid = {809ADE3D-8A67-4CEF-8170-27CD1E5CC095}
	EndGlobalSection
EndGlobal
