
Microsoft Visual Studio Solution File, Format Version 12.00
# Visual Studio Version 17
VisualStudioVersion = 17.8.34511.84
MinimumVisualStudioVersion = 10.0.40219.1
Project("{FAE04EC0-301F-11D3-BF4B-00C04F79EFBC}") = "7-ile-bolumundan-kalan", "7-ile-bolumundan-kalan\7-ile-bolumundan-kalan.csproj", "{DC6FACF4-CFDD-4E33-95AB-7B4CFE3D9BD5}"
EndProject
Global
	GlobalSection(SolutionConfigurationPlatforms) = preSolution
		Debug|Any CPU = Debug|Any CPU
		Release|Any CPU = Release|Any CPU
	EndGlobalSection
	GlobalSection(ProjectConfigurationPlatforms) = postSolution
		{DC6FACF4-CFDD-4E33-95AB-7B4CFE3D9BD5}.Debug|Any CPU.ActiveCfg = Debug|Any CPU
		{DC6FACF4-CFDD-4E33-95AB-7B4CFE3D9BD5}.Debug|Any CPU.Build.0 = Debug|Any CPU
		{DC6FACF4-CFDD-4E33-95AB-7B4CFE3D9BD5}.Release|Any CPU.ActiveCfg = Release|Any CPU
		{DC6FACF4-CFDD-4E33-95AB-7B4CFE3D9BD5}.Release|Any CPU.Build.0 = Release|Any CPU
	EndGlobalSection
	GlobalSection(SolutionProperties) = preSolution
		HideSolutionNode = FALSE
	EndGlobalSection
	GlobalSection(ExtensibilityGlobals) = postSolution
		SolutionGuid = {C18442A6-42D1-413B-9D30-5480E91F68A8}
	EndGlobalSection
EndGlobal
