
Microsoft Visual Studio Solution File, Format Version 12.00
# Visual Studio Version 17
VisualStudioVersion = 17.8.34601.278
MinimumVisualStudioVersion = 10.0.40219.1
Project("{FAE04EC0-301F-11D3-BF4B-00C04F79EFBC}") = "GokceSporAlagoz-Sinav1", "GokceSporAlagoz-Sinav1\GokceSporAlagoz-Sinav1.csproj", "{2EF32DE8-FBC8-475C-A1A1-F70EE45E6003}"
EndProject
Global
	GlobalSection(SolutionConfigurationPlatforms) = preSolution
		Debug|Any CPU = Debug|Any CPU
		Release|Any CPU = Release|Any CPU
	EndGlobalSection
	GlobalSection(ProjectConfigurationPlatforms) = postSolution
		{2EF32DE8-FBC8-475C-A1A1-F70EE45E6003}.Debug|Any CPU.ActiveCfg = Debug|Any CPU
		{2EF32DE8-FBC8-475C-A1A1-F70EE45E6003}.Debug|Any CPU.Build.0 = Debug|Any CPU
		{2EF32DE8-FBC8-475C-A1A1-F70EE45E6003}.Release|Any CPU.ActiveCfg = Release|Any CPU
		{2EF32DE8-FBC8-475C-A1A1-F70EE45E6003}.Release|Any CPU.Build.0 = Release|Any CPU
	EndGlobalSection
	GlobalSection(SolutionProperties) = preSolution
		HideSolutionNode = FALSE
	EndGlobalSection
	GlobalSection(ExtensibilityGlobals) = postSolution
		SolutionGuid = {B4857C94-381F-4320-AFC4-4245A3CF4DCD}
	EndGlobalSection
EndGlobal
