
Microsoft Visual Studio Solution File, Format Version 12.00
# Visual Studio Version 17
VisualStudioVersion = 17.8.34511.84
MinimumVisualStudioVersion = 10.0.40219.1
Project("{FAE04EC0-301F-11D3-BF4B-00C04F79EFBC}") = "venus-mars-kilo", "venus-mars-kilo\venus-mars-kilo.csproj", "{FF7E9159-BAEE-4502-BB75-DA50073C1126}"
EndProject
Global
	GlobalSection(SolutionConfigurationPlatforms) = preSolution
		Debug|Any CPU = Debug|Any CPU
		Release|Any CPU = Release|Any CPU
	EndGlobalSection
	GlobalSection(ProjectConfigurationPlatforms) = postSolution
		{FF7E9159-BAEE-4502-BB75-DA50073C1126}.Debug|Any CPU.ActiveCfg = Debug|Any CPU
		{FF7E9159-BAEE-4502-BB75-DA50073C1126}.Debug|Any CPU.Build.0 = Debug|Any CPU
		{FF7E9159-BAEE-4502-BB75-DA50073C1126}.Release|Any CPU.ActiveCfg = Release|Any CPU
		{FF7E9159-BAEE-4502-BB75-DA50073C1126}.Release|Any CPU.Build.0 = Release|Any CPU
	EndGlobalSection
	GlobalSection(SolutionProperties) = preSolution
		HideSolutionNode = FALSE
	EndGlobalSection
	GlobalSection(ExtensibilityGlobals) = postSolution
		SolutionGuid = {87E593E6-060E-4B91-BE76-5E8752B63C9F}
	EndGlobalSection
EndGlobal
