
Microsoft Visual Studio Solution File, Format Version 12.00
# Visual Studio Version 17
VisualStudioVersion = 17.8.34601.278
MinimumVisualStudioVersion = 10.0.40219.1
Project("{FAE04EC0-301F-11D3-BF4B-00C04F79EFBC}") = "HayvanSesi", "HayvanSesi\HayvanSesi.csproj", "{78AF6E81-799A-4B98-996D-A5092B5E9F95}"
EndProject
Global
	GlobalSection(SolutionConfigurationPlatforms) = preSolution
		Debug|Any CPU = Debug|Any CPU
		Release|Any CPU = Release|Any CPU
	EndGlobalSection
	GlobalSection(ProjectConfigurationPlatforms) = postSolution
		{78AF6E81-799A-4B98-996D-A5092B5E9F95}.Debug|Any CPU.ActiveCfg = Debug|Any CPU
		{78AF6E81-799A-4B98-996D-A5092B5E9F95}.Debug|Any CPU.Build.0 = Debug|Any CPU
		{78AF6E81-799A-4B98-996D-A5092B5E9F95}.Release|Any CPU.ActiveCfg = Release|Any CPU
		{78AF6E81-799A-4B98-996D-A5092B5E9F95}.Release|Any CPU.Build.0 = Release|Any CPU
	EndGlobalSection
	GlobalSection(SolutionProperties) = preSolution
		HideSolutionNode = FALSE
	EndGlobalSection
	GlobalSection(ExtensibilityGlobals) = postSolution
		SolutionGuid = {07B728A5-F63E-4AD4-BC45-F5821C1B4C62}
	EndGlobalSection
EndGlobal
