
Microsoft Visual Studio Solution File, Format Version 12.00
# Visual Studio Version 17
VisualStudioVersion = 17.8.34511.84
MinimumVisualStudioVersion = 10.0.40219.1
Project("{FAE04EC0-301F-11D3-BF4B-00C04F79EFBC}") = "daire-alan", "daire-alan\daire-alan.csproj", "{3087BF61-3D26-4B79-8D52-0D3CED66C8C7}"
EndProject
Global
	GlobalSection(SolutionConfigurationPlatforms) = preSolution
		Debug|Any CPU = Debug|Any CPU
		Release|Any CPU = Release|Any CPU
	EndGlobalSection
	GlobalSection(ProjectConfigurationPlatforms) = postSolution
		{3087BF61-3D26-4B79-8D52-0D3CED66C8C7}.Debug|Any CPU.ActiveCfg = Debug|Any CPU
		{3087BF61-3D26-4B79-8D52-0D3CED66C8C7}.Debug|Any CPU.Build.0 = Debug|Any CPU
		{3087BF61-3D26-4B79-8D52-0D3CED66C8C7}.Release|Any CPU.ActiveCfg = Release|Any CPU
		{3087BF61-3D26-4B79-8D52-0D3CED66C8C7}.Release|Any CPU.Build.0 = Release|Any CPU
	EndGlobalSection
	GlobalSection(SolutionProperties) = preSolution
		HideSolutionNode = FALSE
	EndGlobalSection
	GlobalSection(ExtensibilityGlobals) = postSolution
		SolutionGuid = {A33632D2-F8FE-4ED6-9A8F-2E718919BAA6}
	EndGlobalSection
EndGlobal
