
Microsoft Visual Studio Solution File, Format Version 12.00
# Visual Studio Version 17
VisualStudioVersion = 17.8.34511.84
MinimumVisualStudioVersion = 10.0.40219.1
Project("{FAE04EC0-301F-11D3-BF4B-00C04F79EFBC}") = "Array_List", "Array_List\Array_List.csproj", "{BEDD7B47-9384-45C5-B8B2-6FBE90A6BA77}"
EndProject
Global
	GlobalSection(SolutionConfigurationPlatforms) = preSolution
		Debug|Any CPU = Debug|Any CPU
		Release|Any CPU = Release|Any CPU
	EndGlobalSection
	GlobalSection(ProjectConfigurationPlatforms) = postSolution
		{BEDD7B47-9384-45C5-B8B2-6FBE90A6BA77}.Debug|Any CPU.ActiveCfg = Debug|Any CPU
		{BEDD7B47-9384-45C5-B8B2-6FBE90A6BA77}.Debug|Any CPU.Build.0 = Debug|Any CPU
		{BEDD7B47-9384-45C5-B8B2-6FBE90A6BA77}.Release|Any CPU.ActiveCfg = Release|Any CPU
		{BEDD7B47-9384-45C5-B8B2-6FBE90A6BA77}.Release|Any CPU.Build.0 = Release|Any CPU
	EndGlobalSection
	GlobalSection(SolutionProperties) = preSolution
		HideSolutionNode = FALSE
	EndGlobalSection
	GlobalSection(ExtensibilityGlobals) = postSolution
		SolutionGuid = {46AE38F9-C0C6-4771-86A1-E6E5543F07C6}
	EndGlobalSection
EndGlobal
