
Microsoft Visual Studio Solution File, Format Version 12.00
# Visual Studio Version 17
VisualStudioVersion = 17.8.34511.84
MinimumVisualStudioVersion = 10.0.40219.1
Project("{FAE04EC0-301F-11D3-BF4B-00C04F79EFBC}") = "BuiltinStringFunctions", "BuiltinStringFunctions\BuiltinStringFunctions.csproj", "{5171E237-234D-44E1-9072-B92CB6BA310E}"
EndProject
Global
	GlobalSection(SolutionConfigurationPlatforms) = preSolution
		Debug|Any CPU = Debug|Any CPU
		Release|Any CPU = Release|Any CPU
	EndGlobalSection
	GlobalSection(ProjectConfigurationPlatforms) = postSolution
		{5171E237-234D-44E1-9072-B92CB6BA310E}.Debug|Any CPU.ActiveCfg = Debug|Any CPU
		{5171E237-234D-44E1-9072-B92CB6BA310E}.Debug|Any CPU.Build.0 = Debug|Any CPU
		{5171E237-234D-44E1-9072-B92CB6BA310E}.Release|Any CPU.ActiveCfg = Release|Any CPU
		{5171E237-234D-44E1-9072-B92CB6BA310E}.Release|Any CPU.Build.0 = Release|Any CPU
	EndGlobalSection
	GlobalSection(SolutionProperties) = preSolution
		HideSolutionNode = FALSE
	EndGlobalSection
	GlobalSection(ExtensibilityGlobals) = postSolution
		SolutionGuid = {98C5A305-6872-44E6-8DFB-2F223C424827}
	EndGlobalSection
EndGlobal
