
Microsoft Visual Studio Solution File, Format Version 12.00
# Visual Studio Version 17
VisualStudioVersion = 17.8.34511.84
MinimumVisualStudioVersion = 10.0.40219.1
Project("{FAE04EC0-301F-11D3-BF4B-00C04F79EFBC}") = "DateTimeFunctions", "DateTimeFunctions\DateTimeFunctions.csproj", "{C85BEDA6-33D3-48B2-BDB6-78B3359C8FC1}"
EndProject
Global
	GlobalSection(SolutionConfigurationPlatforms) = preSolution
		Debug|Any CPU = Debug|Any CPU
		Release|Any CPU = Release|Any CPU
	EndGlobalSection
	GlobalSection(ProjectConfigurationPlatforms) = postSolution
		{C85BEDA6-33D3-48B2-BDB6-78B3359C8FC1}.Debug|Any CPU.ActiveCfg = Debug|Any CPU
		{C85BEDA6-33D3-48B2-BDB6-78B3359C8FC1}.Debug|Any CPU.Build.0 = Debug|Any CPU
		{C85BEDA6-33D3-48B2-BDB6-78B3359C8FC1}.Release|Any CPU.ActiveCfg = Release|Any CPU
		{C85BEDA6-33D3-48B2-BDB6-78B3359C8FC1}.Release|Any CPU.Build.0 = Release|Any CPU
	EndGlobalSection
	GlobalSection(SolutionProperties) = preSolution
		HideSolutionNode = FALSE
	EndGlobalSection
	GlobalSection(ExtensibilityGlobals) = postSolution
		SolutionGuid = {A67A0E79-B034-439E-8853-779A53A7BF37}
	EndGlobalSection
EndGlobal
