
Microsoft Visual Studio Solution File, Format Version 12.00
# Visual Studio Version 17
VisualStudioVersion = 17.8.34601.278
MinimumVisualStudioVersion = 10.0.40219.1
Project("{FAE04EC0-301F-11D3-BF4B-00C04F79EFBC}") = "GenelTekrar", "GenelTekrar\GenelTekrar.csproj", "{59B8D7E8-D1FA-4761-A75B-439C23339D10}"
EndProject
Global
	GlobalSection(SolutionConfigurationPlatforms) = preSolution
		Debug|Any CPU = Debug|Any CPU
		Release|Any CPU = Release|Any CPU
	EndGlobalSection
	GlobalSection(ProjectConfigurationPlatforms) = postSolution
		{59B8D7E8-D1FA-4761-A75B-439C23339D10}.Debug|Any CPU.ActiveCfg = Debug|Any CPU
		{59B8D7E8-D1FA-4761-A75B-439C23339D10}.Debug|Any CPU.Build.0 = Debug|Any CPU
		{59B8D7E8-D1FA-4761-A75B-439C23339D10}.Release|Any CPU.ActiveCfg = Release|Any CPU
		{59B8D7E8-D1FA-4761-A75B-439C23339D10}.Release|Any CPU.Build.0 = Release|Any CPU
	EndGlobalSection
	GlobalSection(SolutionProperties) = preSolution
		HideSolutionNode = FALSE
	EndGlobalSection
	GlobalSection(ExtensibilityGlobals) = postSolution
		SolutionGuid = {69AB6976-B110-4359-A404-375C68A1365F}
	EndGlobalSection
EndGlobal
