
Microsoft Visual Studio Solution File, Format Version 12.00
# Visual Studio Version 17
VisualStudioVersion = 17.8.34511.84
MinimumVisualStudioVersion = 10.0.40219.1
Project("{FAE04EC0-301F-11D3-BF4B-00C04F79EFBC}") = "a-b-arasi-cift-top", "a-b-arasi-cift-top\a-b-arasi-cift-top.csproj", "{ECB6C4F7-628E-4F04-9DBE-F9E9302F8642}"
EndProject
Global
	GlobalSection(SolutionConfigurationPlatforms) = preSolution
		Debug|Any CPU = Debug|Any CPU
		Release|Any CPU = Release|Any CPU
	EndGlobalSection
	GlobalSection(ProjectConfigurationPlatforms) = postSolution
		{ECB6C4F7-628E-4F04-9DBE-F9E9302F8642}.Debug|Any CPU.ActiveCfg = Debug|Any CPU
		{ECB6C4F7-628E-4F04-9DBE-F9E9302F8642}.Debug|Any CPU.Build.0 = Debug|Any CPU
		{ECB6C4F7-628E-4F04-9DBE-F9E9302F8642}.Release|Any CPU.ActiveCfg = Release|Any CPU
		{ECB6C4F7-628E-4F04-9DBE-F9E9302F8642}.Release|Any CPU.Build.0 = Release|Any CPU
	EndGlobalSection
	GlobalSection(SolutionProperties) = preSolution
		HideSolutionNode = FALSE
	EndGlobalSection
	GlobalSection(ExtensibilityGlobals) = postSolution
		SolutionGuid = {CFD50ED8-1F0E-4240-8BD2-A4429344118C}
	EndGlobalSection
EndGlobal
