
Microsoft Visual Studio Solution File, Format Version 12.00
# Visual Studio Version 17
VisualStudioVersion = 17.8.34601.278
MinimumVisualStudioVersion = 10.0.40219.1
Project("{9A19103F-16F7-4668-BE54-9A1E7A4F7556}") = "SRP", "SRP\SRP.csproj", "{5A5D4054-06CD-428E-9E61-825E8B2CFEAF}"
EndProject
Project("{FAE04EC0-301F-11D3-BF4B-00C04F79EFBC}") = "OCP", "OCP\OCP.csproj", "{3A866A5B-B8B4-435C-87D8-DCE2E5C7C708}"
EndProject
Project("{FAE04EC0-301F-11D3-BF4B-00C04F79EFBC}") = "LSP", "LSP\LSP.csproj", "{C3B47839-D140-43BF-98AD-B2D19533C7FF}"
EndProject
Project("{FAE04EC0-301F-11D3-BF4B-00C04F79EFBC}") = "ISP", "ISP\ISP.csproj", "{7B9F8C25-BDBD-49F4-B050-FC589D38E380}"
EndProject
Project("{FAE04EC0-301F-11D3-BF4B-00C04F79EFBC}") = "DIP", "DIP\DIP.csproj", "{4FF818B3-96FB-4779-BD73-2C6270BBD19B}"
EndProject
Global
	GlobalSection(SolutionConfigurationPlatforms) = preSolution
		Debug|Any CPU = Debug|Any CPU
		Release|Any CPU = Release|Any CPU
	EndGlobalSection
	GlobalSection(ProjectConfigurationPlatforms) = postSolution
		{5A5D4054-06CD-428E-9E61-825E8B2CFEAF}.Debug|Any CPU.ActiveCfg = Debug|Any CPU
		{5A5D4054-06CD-428E-9E61-825E8B2CFEAF}.Debug|Any CPU.Build.0 = Debug|Any CPU
		{5A5D4054-06CD-428E-9E61-825E8B2CFEAF}.Release|Any CPU.ActiveCfg = Release|Any CPU
		{5A5D4054-06CD-428E-9E61-825E8B2CFEAF}.Release|Any CPU.Build.0 = Release|Any CPU
		{3A866A5B-B8B4-435C-87D8-DCE2E5C7C708}.Debug|Any CPU.ActiveCfg = Debug|Any CPU
		{3A866A5B-B8B4-435C-87D8-DCE2E5C7C708}.Debug|Any CPU.Build.0 = Debug|Any CPU
		{3A866A5B-B8B4-435C-87D8-DCE2E5C7C708}.Release|Any CPU.ActiveCfg = Release|Any CPU
		{3A866A5B-B8B4-435C-87D8-DCE2E5C7C708}.Release|Any CPU.Build.0 = Release|Any CPU
		{C3B47839-D140-43BF-98AD-B2D19533C7FF}.Debug|Any CPU.ActiveCfg = Debug|Any CPU
		{C3B47839-D140-43BF-98AD-B2D19533C7FF}.Debug|Any CPU.Build.0 = Debug|Any CPU
		{C3B47839-D140-43BF-98AD-B2D19533C7FF}.Release|Any CPU.ActiveCfg = Release|Any CPU
		{C3B47839-D140-43BF-98AD-B2D19533C7FF}.Release|Any CPU.Build.0 = Release|Any CPU
		{7B9F8C25-BDBD-49F4-B050-FC589D38E380}.Debug|Any CPU.ActiveCfg = Debug|Any CPU
		{7B9F8C25-BDBD-49F4-B050-FC589D38E380}.Debug|Any CPU.Build.0 = Debug|Any CPU
		{7B9F8C25-BDBD-49F4-B050-FC589D38E380}.Release|Any CPU.ActiveCfg = Release|Any CPU
		{7B9F8C25-BDBD-49F4-B050-FC589D38E380}.Release|Any CPU.Build.0 = Release|Any CPU
		{4FF818B3-96FB-4779-BD73-2C6270BBD19B}.Debug|Any CPU.ActiveCfg = Debug|Any CPU
		{4FF818B3-96FB-4779-BD73-2C6270BBD19B}.Debug|Any CPU.Build.0 = Debug|Any CPU
		{4FF818B3-96FB-4779-BD73-2C6270BBD19B}.Release|Any CPU.ActiveCfg = Release|Any CPU
		{4FF818B3-96FB-4779-BD73-2C6270BBD19B}.Release|Any CPU.Build.0 = Release|Any CPU
	EndGlobalSection
	GlobalSection(SolutionProperties) = preSolution
		HideSolutionNode = FALSE
	EndGlobalSection
	GlobalSection(ExtensibilityGlobals) = postSolution
		SolutionGuid = {8E355F00-E834-41F0-BBC2-A846BB8CA086}
	EndGlobalSection
EndGlobal
