
Microsoft Visual Studio Solution File, Format Version 12.00
# Visual Studio Version 17
VisualStudioVersion = 17.8.34511.84
MinimumVisualStudioVersion = 10.0.40219.1
Project("{FAE04EC0-301F-11D3-BF4B-00C04F79EFBC}") = "n-sayisina-kadar-olan-sayilar", "n-sayisina-kadar-olan-sayilar\n-sayisina-kadar-olan-sayilar.csproj", "{D275F3B0-4B2E-49CD-8EE0-BBD5D3DF25A2}"
EndProject
Global
	GlobalSection(SolutionConfigurationPlatforms) = preSolution
		Debug|Any CPU = Debug|Any CPU
		Release|Any CPU = Release|Any CPU
	EndGlobalSection
	GlobalSection(ProjectConfigurationPlatforms) = postSolution
		{D275F3B0-4B2E-49CD-8EE0-BBD5D3DF25A2}.Debug|Any CPU.ActiveCfg = Debug|Any CPU
		{D275F3B0-4B2E-49CD-8EE0-BBD5D3DF25A2}.Debug|Any CPU.Build.0 = Debug|Any CPU
		{D275F3B0-4B2E-49CD-8EE0-BBD5D3DF25A2}.Release|Any CPU.ActiveCfg = Release|Any CPU
		{D275F3B0-4B2E-49CD-8EE0-BBD5D3DF25A2}.Release|Any CPU.Build.0 = Release|Any CPU
	EndGlobalSection
	GlobalSection(SolutionProperties) = preSolution
		HideSolutionNode = FALSE
	EndGlobalSection
	GlobalSection(ExtensibilityGlobals) = postSolution
		SolutionGuid = {82FD2B45-8CD0-4E37-833F-B9C2E654FC94}
	EndGlobalSection
EndGlobal
