
Microsoft Visual Studio Solution File, Format Version 12.00
# Visual Studio Version 17
VisualStudioVersion = 17.8.34601.278
MinimumVisualStudioVersion = 10.0.40219.1
Project("{FAE04EC0-301F-11D3-BF4B-00C04F79EFBC}") = "SpecialCollections", "SpecialCollections\SpecialCollections.csproj", "{976F0B17-A7B1-406E-B0E2-C0C8A58D126F}"
EndProject
Global
	GlobalSection(SolutionConfigurationPlatforms) = preSolution
		Debug|Any CPU = Debug|Any CPU
		Release|Any CPU = Release|Any CPU
	EndGlobalSection
	GlobalSection(ProjectConfigurationPlatforms) = postSolution
		{976F0B17-A7B1-406E-B0E2-C0C8A58D126F}.Debug|Any CPU.ActiveCfg = Debug|Any CPU
		{976F0B17-A7B1-406E-B0E2-C0C8A58D126F}.Debug|Any CPU.Build.0 = Debug|Any CPU
		{976F0B17-A7B1-406E-B0E2-C0C8A58D126F}.Release|Any CPU.ActiveCfg = Release|Any CPU
		{976F0B17-A7B1-406E-B0E2-C0C8A58D126F}.Release|Any CPU.Build.0 = Release|Any CPU
	EndGlobalSection
	GlobalSection(SolutionProperties) = preSolution
		HideSolutionNode = FALSE
	EndGlobalSection
	GlobalSection(ExtensibilityGlobals) = postSolution
		SolutionGuid = {A7940ED9-7E74-4E7B-9DB9-188000E330CE}
	EndGlobalSection
EndGlobal
