
Microsoft Visual Studio Solution File, Format Version 12.00
# Visual Studio Version 17
VisualStudioVersion = 17.8.34511.84
MinimumVisualStudioVersion = 10.0.40219.1
Project("{FAE04EC0-301F-11D3-BF4B-00C04F79EFBC}") = "ForEach", "ForEach\ForEach.csproj", "{2990A2DF-6B00-459B-932F-0C155D80BF76}"
EndProject
Global
	GlobalSection(SolutionConfigurationPlatforms) = preSolution
		Debug|Any CPU = Debug|Any CPU
		Release|Any CPU = Release|Any CPU
	EndGlobalSection
	GlobalSection(ProjectConfigurationPlatforms) = postSolution
		{2990A2DF-6B00-459B-932F-0C155D80BF76}.Debug|Any CPU.ActiveCfg = Debug|Any CPU
		{2990A2DF-6B00-459B-932F-0C155D80BF76}.Debug|Any CPU.Build.0 = Debug|Any CPU
		{2990A2DF-6B00-459B-932F-0C155D80BF76}.Release|Any CPU.ActiveCfg = Release|Any CPU
		{2990A2DF-6B00-459B-932F-0C155D80BF76}.Release|Any CPU.Build.0 = Release|Any CPU
	EndGlobalSection
	GlobalSection(SolutionProperties) = preSolution
		HideSolutionNode = FALSE
	EndGlobalSection
	GlobalSection(ExtensibilityGlobals) = postSolution
		SolutionGuid = {E382FBC5-4164-4A33-8632-15C99DC9BDB4}
	EndGlobalSection
EndGlobal
