
Microsoft Visual Studio Solution File, Format Version 12.00
# Visual Studio Version 17
VisualStudioVersion = 17.8.34511.84
MinimumVisualStudioVersion = 10.0.40219.1
Project("{FAE04EC0-301F-11D3-BF4B-00C04F79EFBC}") = "0-10000-arasi", "0-10000-arasi\0-10000-arasi.csproj", "{A9BE80B2-4E42-4FB8-8FEB-12253B481648}"
EndProject
Global
	GlobalSection(SolutionConfigurationPlatforms) = preSolution
		Debug|Any CPU = Debug|Any CPU
		Release|Any CPU = Release|Any CPU
	EndGlobalSection
	GlobalSection(ProjectConfigurationPlatforms) = postSolution
		{A9BE80B2-4E42-4FB8-8FEB-12253B481648}.Debug|Any CPU.ActiveCfg = Debug|Any CPU
		{A9BE80B2-4E42-4FB8-8FEB-12253B481648}.Debug|Any CPU.Build.0 = Debug|Any CPU
		{A9BE80B2-4E42-4FB8-8FEB-12253B481648}.Release|Any CPU.ActiveCfg = Release|Any CPU
		{A9BE80B2-4E42-4FB8-8FEB-12253B481648}.Release|Any CPU.Build.0 = Release|Any CPU
	EndGlobalSection
	GlobalSection(SolutionProperties) = preSolution
		HideSolutionNode = FALSE
	EndGlobalSection
	GlobalSection(ExtensibilityGlobals) = postSolution
		SolutionGuid = {F8C56A5B-0BFB-4D6D-BE7C-2775B9A0D428}
	EndGlobalSection
EndGlobal
