
Microsoft Visual Studio Solution File, Format Version 12.00
# Visual Studio Version 17
VisualStudioVersion = 17.8.34511.84
MinimumVisualStudioVersion = 10.0.40219.1
Project("{FAE04EC0-301F-11D3-BF4B-00C04F79EFBC}") = "SonsuzSayininEnBuyukEnKucuk", "SonsuzSayininEnBuyukEnKucuk\SonsuzSayininEnBuyukEnKucuk.csproj", "{6AC5C537-6C9B-410E-AE56-1F828EDC269C}"
EndProject
Global
	GlobalSection(SolutionConfigurationPlatforms) = preSolution
		Debug|Any CPU = Debug|Any CPU
		Release|Any CPU = Release|Any CPU
	EndGlobalSection
	GlobalSection(ProjectConfigurationPlatforms) = postSolution
		{6AC5C537-6C9B-410E-AE56-1F828EDC269C}.Debug|Any CPU.ActiveCfg = Debug|Any CPU
		{6AC5C537-6C9B-410E-AE56-1F828EDC269C}.Debug|Any CPU.Build.0 = Debug|Any CPU
		{6AC5C537-6C9B-410E-AE56-1F828EDC269C}.Release|Any CPU.ActiveCfg = Release|Any CPU
		{6AC5C537-6C9B-410E-AE56-1F828EDC269C}.Release|Any CPU.Build.0 = Release|Any CPU
	EndGlobalSection
	GlobalSection(SolutionProperties) = preSolution
		HideSolutionNode = FALSE
	EndGlobalSection
	GlobalSection(ExtensibilityGlobals) = postSolution
		SolutionGuid = {328FF43E-C8B3-4DB4-B4F9-92D611875A43}
	EndGlobalSection
EndGlobal
