
Microsoft Visual Studio Solution File, Format Version 12.00
# Visual Studio Version 17
VisualStudioVersion = 17.8.34511.84
MinimumVisualStudioVersion = 10.0.40219.1
Project("{FAE04EC0-301F-11D3-BF4B-00C04F79EFBC}") = "dikdortgen-cevre", "dikdortgen-cevre\dikdortgen-cevre.csproj", "{B42A8753-B017-4A8B-A9BB-EFD586453A1D}"
EndProject
Global
	GlobalSection(SolutionConfigurationPlatforms) = preSolution
		Debug|Any CPU = Debug|Any CPU
		Release|Any CPU = Release|Any CPU
	EndGlobalSection
	GlobalSection(ProjectConfigurationPlatforms) = postSolution
		{B42A8753-B017-4A8B-A9BB-EFD586453A1D}.Debug|Any CPU.ActiveCfg = Debug|Any CPU
		{B42A8753-B017-4A8B-A9BB-EFD586453A1D}.Debug|Any CPU.Build.0 = Debug|Any CPU
		{B42A8753-B017-4A8B-A9BB-EFD586453A1D}.Release|Any CPU.ActiveCfg = Release|Any CPU
		{B42A8753-B017-4A8B-A9BB-EFD586453A1D}.Release|Any CPU.Build.0 = Release|Any CPU
	EndGlobalSection
	GlobalSection(SolutionProperties) = preSolution
		HideSolutionNode = FALSE
	EndGlobalSection
	GlobalSection(ExtensibilityGlobals) = postSolution
		SolutionGuid = {7C982116-DCA4-444D-9C14-E832BC184500}
	EndGlobalSection
EndGlobal
