
Microsoft Visual Studio Solution File, Format Version 12.00
# Visual Studio Version 17
VisualStudioVersion = 17.8.34511.84
MinimumVisualStudioVersion = 10.0.40219.1
Project("{FAE04EC0-301F-11D3-BF4B-00C04F79EFBC}") = "20-30-arasindaki-sayi-carpim", "20-30-arasindaki-sayi-carpim\20-30-arasindaki-sayi-carpim.csproj", "{20995239-CB7E-4225-AAC2-FFC9642558E2}"
EndProject
Global
	GlobalSection(SolutionConfigurationPlatforms) = preSolution
		Debug|Any CPU = Debug|Any CPU
		Release|Any CPU = Release|Any CPU
	EndGlobalSection
	GlobalSection(ProjectConfigurationPlatforms) = postSolution
		{20995239-CB7E-4225-AAC2-FFC9642558E2}.Debug|Any CPU.ActiveCfg = Debug|Any CPU
		{20995239-CB7E-4225-AAC2-FFC9642558E2}.Debug|Any CPU.Build.0 = Debug|Any CPU
		{20995239-CB7E-4225-AAC2-FFC9642558E2}.Release|Any CPU.ActiveCfg = Release|Any CPU
		{20995239-CB7E-4225-AAC2-FFC9642558E2}.Release|Any CPU.Build.0 = Release|Any CPU
	EndGlobalSection
	GlobalSection(SolutionProperties) = preSolution
		HideSolutionNode = FALSE
	EndGlobalSection
	GlobalSection(ExtensibilityGlobals) = postSolution
		SolutionGuid = {B0E0D677-5331-46DC-9180-54598D47CED0}
	EndGlobalSection
EndGlobal
