
Microsoft Visual Studio Solution File, Format Version 12.00
# Visual Studio Version 17
VisualStudioVersion = 17.8.34511.84
MinimumVisualStudioVersion = 10.0.40219.1
Project("{FAE04EC0-301F-11D3-BF4B-00C04F79EFBC}") = "0-n-arasindaki-cift", "0-n-arasindaki-cift\0-n-arasindaki-cift.csproj", "{AE460F22-12A7-43CF-845B-258F7BAF7F4D}"
EndProject
Global
	GlobalSection(SolutionConfigurationPlatforms) = preSolution
		Debug|Any CPU = Debug|Any CPU
		Release|Any CPU = Release|Any CPU
	EndGlobalSection
	GlobalSection(ProjectConfigurationPlatforms) = postSolution
		{AE460F22-12A7-43CF-845B-258F7BAF7F4D}.Debug|Any CPU.ActiveCfg = Debug|Any CPU
		{AE460F22-12A7-43CF-845B-258F7BAF7F4D}.Debug|Any CPU.Build.0 = Debug|Any CPU
		{AE460F22-12A7-43CF-845B-258F7BAF7F4D}.Release|Any CPU.ActiveCfg = Release|Any CPU
		{AE460F22-12A7-43CF-845B-258F7BAF7F4D}.Release|Any CPU.Build.0 = Release|Any CPU
	EndGlobalSection
	GlobalSection(SolutionProperties) = preSolution
		HideSolutionNode = FALSE
	EndGlobalSection
	GlobalSection(ExtensibilityGlobals) = postSolution
		SolutionGuid = {707CA7F1-6748-4D78-A868-EF480B6CA565}
	EndGlobalSection
EndGlobal
