
Microsoft Visual Studio Solution File, Format Version 12.00
# Visual Studio Version 17
VisualStudioVersion = 17.8.34511.84
MinimumVisualStudioVersion = 10.0.40219.1
Project("{FAE04EC0-301F-11D3-BF4B-00C04F79EFBC}") = "GenericList", "GenericList\GenericList.csproj", "{8477954B-D37B-4722-A87C-5E4A361E028B}"
EndProject
Global
	GlobalSection(SolutionConfigurationPlatforms) = preSolution
		Debug|Any CPU = Debug|Any CPU
		Release|Any CPU = Release|Any CPU
	EndGlobalSection
	GlobalSection(ProjectConfigurationPlatforms) = postSolution
		{8477954B-D37B-4722-A87C-5E4A361E028B}.Debug|Any CPU.ActiveCfg = Debug|Any CPU
		{8477954B-D37B-4722-A87C-5E4A361E028B}.Debug|Any CPU.Build.0 = Debug|Any CPU
		{8477954B-D37B-4722-A87C-5E4A361E028B}.Release|Any CPU.ActiveCfg = Release|Any CPU
		{8477954B-D37B-4722-A87C-5E4A361E028B}.Release|Any CPU.Build.0 = Release|Any CPU
	EndGlobalSection
	GlobalSection(SolutionProperties) = preSolution
		HideSolutionNode = FALSE
	EndGlobalSection
	GlobalSection(ExtensibilityGlobals) = postSolution
		SolutionGuid = {192B0351-2ED6-492B-993C-D00D3F74CC40}
	EndGlobalSection
EndGlobal
