
Microsoft Visual Studio Solution File, Format Version 12.00
# Visual Studio Version 17
VisualStudioVersion = 17.8.34511.84
MinimumVisualStudioVersion = 10.0.40219.1
Project("{FAE04EC0-301F-11D3-BF4B-00C04F79EFBC}") = "ExceptionHanding", "ExceptionHanding\ExceptionHanding.csproj", "{C5280F66-F6CC-4F41-8A3A-2E668763C001}"
EndProject
Global
	GlobalSection(SolutionConfigurationPlatforms) = preSolution
		Debug|Any CPU = Debug|Any CPU
		Release|Any CPU = Release|Any CPU
	EndGlobalSection
	GlobalSection(ProjectConfigurationPlatforms) = postSolution
		{C5280F66-F6CC-4F41-8A3A-2E668763C001}.Debug|Any CPU.ActiveCfg = Debug|Any CPU
		{C5280F66-F6CC-4F41-8A3A-2E668763C001}.Debug|Any CPU.Build.0 = Debug|Any CPU
		{C5280F66-F6CC-4F41-8A3A-2E668763C001}.Release|Any CPU.ActiveCfg = Release|Any CPU
		{C5280F66-F6CC-4F41-8A3A-2E668763C001}.Release|Any CPU.Build.0 = Release|Any CPU
	EndGlobalSection
	GlobalSection(SolutionProperties) = preSolution
		HideSolutionNode = FALSE
	EndGlobalSection
	GlobalSection(ExtensibilityGlobals) = postSolution
		SolutionGuid = {C37790B2-3BA7-4A5E-A131-28A942B25B5C}
	EndGlobalSection
EndGlobal
