
Microsoft Visual Studio Solution File, Format Version 12.00
# Visual Studio Version 17
VisualStudioVersion = 17.8.34511.84
MinimumVisualStudioVersion = 10.0.40219.1
Project("{FAE04EC0-301F-11D3-BF4B-00C04F79EFBC}") = "20-45 arasi-tek-sayi", "20-45 arasi-tek-sayi\20-45 arasi-tek-sayi.csproj", "{E413B5AC-ED4E-4BEA-85AA-7566BEFA6A13}"
EndProject
Global
	GlobalSection(SolutionConfigurationPlatforms) = preSolution
		Debug|Any CPU = Debug|Any CPU
		Release|Any CPU = Release|Any CPU
	EndGlobalSection
	GlobalSection(ProjectConfigurationPlatforms) = postSolution
		{E413B5AC-ED4E-4BEA-85AA-7566BEFA6A13}.Debug|Any CPU.ActiveCfg = Debug|Any CPU
		{E413B5AC-ED4E-4BEA-85AA-7566BEFA6A13}.Debug|Any CPU.Build.0 = Debug|Any CPU
		{E413B5AC-ED4E-4BEA-85AA-7566BEFA6A13}.Release|Any CPU.ActiveCfg = Release|Any CPU
		{E413B5AC-ED4E-4BEA-85AA-7566BEFA6A13}.Release|Any CPU.Build.0 = Release|Any CPU
	EndGlobalSection
	GlobalSection(SolutionProperties) = preSolution
		HideSolutionNode = FALSE
	EndGlobalSection
	GlobalSection(ExtensibilityGlobals) = postSolution
		SolutionGuid = {9F70A92F-7CFD-4FB2-81A9-93F45BCB81DD}
	EndGlobalSection
EndGlobal
