
Microsoft Visual Studio Solution File, Format Version 12.00
# Visual Studio Version 17
VisualStudioVersion = 17.8.34601.278
MinimumVisualStudioVersion = 10.0.40219.1
Project("{FAE04EC0-301F-11D3-BF4B-00C04F79EFBC}") = "SRP", "SRP\SRP.csproj", "{A6527979-9735-46A9-A980-F01485352129}"
EndProject
Project("{FAE04EC0-301F-11D3-BF4B-00C04F79EFBC}") = "OCP", "OCP\OCP.csproj", "{E4B86258-BAEB-4CD7-BE52-8F05335FBD43}"
EndProject
Project("{FAE04EC0-301F-11D3-BF4B-00C04F79EFBC}") = "LSP", "LSP\LSP.csproj", "{317C7B44-26A0-4EF9-BC1D-FB1D9E138FAE}"
EndProject
Project("{FAE04EC0-301F-11D3-BF4B-00C04F79EFBC}") = "ISP", "ISP\ISP.csproj", "{5C93F7BE-AD0D-45FC-A6C1-6E29B7B56DCF}"
EndProject
Project("{FAE04EC0-301F-11D3-BF4B-00C04F79EFBC}") = "DIP", "DIP\DIP.csproj", "{666F5E75-EBF6-4C20-BE95-3BF04FE2EAB9}"
EndProject
Global
	GlobalSection(SolutionConfigurationPlatforms) = preSolution
		Debug|Any CPU = Debug|Any CPU
		Release|Any CPU = Release|Any CPU
	EndGlobalSection
	GlobalSection(ProjectConfigurationPlatforms) = postSolution
		{A6527979-9735-46A9-A980-F01485352129}.Debug|Any CPU.ActiveCfg = Debug|Any CPU
		{A6527979-9735-46A9-A980-F01485352129}.Debug|Any CPU.Build.0 = Debug|Any CPU
		{A6527979-9735-46A9-A980-F01485352129}.Release|Any CPU.ActiveCfg = Release|Any CPU
		{A6527979-9735-46A9-A980-F01485352129}.Release|Any CPU.Build.0 = Release|Any CPU
		{E4B86258-BAEB-4CD7-BE52-8F05335FBD43}.Debug|Any CPU.ActiveCfg = Debug|Any CPU
		{E4B86258-BAEB-4CD7-BE52-8F05335FBD43}.Debug|Any CPU.Build.0 = Debug|Any CPU
		{E4B86258-BAEB-4CD7-BE52-8F05335FBD43}.Release|Any CPU.ActiveCfg = Release|Any CPU
		{E4B86258-BAEB-4CD7-BE52-8F05335FBD43}.Release|Any CPU.Build.0 = Release|Any CPU
		{317C7B44-26A0-4EF9-BC1D-FB1D9E138FAE}.Debug|Any CPU.ActiveCfg = Debug|Any CPU
		{317C7B44-26A0-4EF9-BC1D-FB1D9E138FAE}.Debug|Any CPU.Build.0 = Debug|Any CPU
		{317C7B44-26A0-4EF9-BC1D-FB1D9E138FAE}.Release|Any CPU.ActiveCfg = Release|Any CPU
		{317C7B44-26A0-4EF9-BC1D-FB1D9E138FAE}.Release|Any CPU.Build.0 = Release|Any CPU
		{5C93F7BE-AD0D-45FC-A6C1-6E29B7B56DCF}.Debug|Any CPU.ActiveCfg = Debug|Any CPU
		{5C93F7BE-AD0D-45FC-A6C1-6E29B7B56DCF}.Debug|Any CPU.Build.0 = Debug|Any CPU
		{5C93F7BE-AD0D-45FC-A6C1-6E29B7B56DCF}.Release|Any CPU.ActiveCfg = Release|Any CPU
		{5C93F7BE-AD0D-45FC-A6C1-6E29B7B56DCF}.Release|Any CPU.Build.0 = Release|Any CPU
		{666F5E75-EBF6-4C20-BE95-3BF04FE2EAB9}.Debug|Any CPU.ActiveCfg = Debug|Any CPU
		{666F5E75-EBF6-4C20-BE95-3BF04FE2EAB9}.Debug|Any CPU.Build.0 = Debug|Any CPU
		{666F5E75-EBF6-4C20-BE95-3BF04FE2EAB9}.Release|Any CPU.ActiveCfg = Release|Any CPU
		{666F5E75-EBF6-4C20-BE95-3BF04FE2EAB9}.Release|Any CPU.Build.0 = Release|Any CPU
	EndGlobalSection
	GlobalSection(SolutionProperties) = preSolution
		HideSolutionNode = FALSE
	EndGlobalSection
	GlobalSection(ExtensibilityGlobals) = postSolution
		SolutionGuid = {97C1296A-79D8-4698-8908-54A16DD5E2FD}
	EndGlobalSection
EndGlobal
