
Microsoft Visual Studio Solution File, Format Version 12.00
# Visual Studio Version 17
VisualStudioVersion = 17.8.34511.84
MinimumVisualStudioVersion = 10.0.40219.1
Project("{FAE04EC0-301F-11D3-BF4B-00C04F79EFBC}") = "1-n-arasi", "1-n-arasi\1-n-arasi.csproj", "{3FD1771D-5E72-4BC6-A00C-6BBD4E05835B}"
EndProject
Global
	GlobalSection(SolutionConfigurationPlatforms) = preSolution
		Debug|Any CPU = Debug|Any CPU
		Release|Any CPU = Release|Any CPU
	EndGlobalSection
	GlobalSection(ProjectConfigurationPlatforms) = postSolution
		{3FD1771D-5E72-4BC6-A00C-6BBD4E05835B}.Debug|Any CPU.ActiveCfg = Debug|Any CPU
		{3FD1771D-5E72-4BC6-A00C-6BBD4E05835B}.Debug|Any CPU.Build.0 = Debug|Any CPU
		{3FD1771D-5E72-4BC6-A00C-6BBD4E05835B}.Release|Any CPU.ActiveCfg = Release|Any CPU
		{3FD1771D-5E72-4BC6-A00C-6BBD4E05835B}.Release|Any CPU.Build.0 = Release|Any CPU
	EndGlobalSection
	GlobalSection(SolutionProperties) = preSolution
		HideSolutionNode = FALSE
	EndGlobalSection
	GlobalSection(ExtensibilityGlobals) = postSolution
		SolutionGuid = {81464294-DC5E-481C-BFFC-BDDC81C4FC19}
	EndGlobalSection
EndGlobal
